{
  "object": {
    "pins": [
      {
        "package": "Monreau",
        "repositoryURL": "https://github.com/Incetro/Monreau.git",
        "state": {
          "branch": "feature/new_realm_version",
          "revision": "4353d3d5a6f4ddaf5b5a4736c0742fa2760d68d2",
          "version": null
        }
      },
      {
        "package": "RealmDatabase",
        "repositoryURL": "https://github.com/realm/realm-core.git",
        "state": {
          "branch": null,
          "revision": "c2552e1d36867cb42b28130e894a81fc17081062",
          "version": "14.12.0"
        }
      },
      {
        "package": "Realm",
        "repositoryURL": "https://github.com/realm/realm-swift.git",
        "state": {
          "branch": null,
          "revision": "9815e6c29d43cb5314add5dff8705c5476ab556c",
          "version": "10.53.0"
        }
      }
    ]
  },
  "version": 1
}
